# THIS IS AN AUTOGENERATED FILE. DO NOT EDIT THIS FILE DIRECTLY.
# yarn lockfile v1


coderdx-es-module-example@^1.0.6:
  version "1.0.6"
  resolved "https://registry.yarnpkg.com/coderdx-es-module-example/-/coderdx-es-module-example-1.0.6.tgz#ea5d4ec54c749f36953b0f83fc5f0423cda0ce19"
  integrity sha512-9jyUF03CrP2ztOUJmsBuEjwvYJgD5pNHgSF8x4wVg7FADQzpmk4lzq3nlTu+c3QhD0rC4t/qcfVJG/BdJ4PgSQ==
